
Microsoft Visual Studio Solution File, Format Version 12.00
# Visual Studio Version 16
VisualStudioVersion = 16.0.29926.136
MinimumVisualStudioVersion = 10.0.40219.1
Project("{FAE04EC0-301F-11D3-BF4B-00C04F79EFBC}") = "SmokeLab", "SmokeLab.csproj", "{3296BF4A-090F-4163-B009-D5CF566FD795}"
EndProject
Global
	GlobalSection(SolutionConfigurationPlatforms) = preSolution
		Debug|Any CPU = Debug|Any CPU
		Release|Any CPU = Release|Any CPU
	EndGlobalSection
	GlobalSection(ProjectConfigurationPlatforms) = postSolution
		{3296BF4A-090F-4163-B009-D5CF566FD795}.Debug|Any CPU.ActiveCfg = Debug|Any CPU
		{3296BF4A-090F-4163-B009-D5CF566FD795}.Debug|Any CPU.Build.0 = Debug|Any CPU
		{3296BF4A-090F-4163-B009-D5CF566FD795}.Release|Any CPU.ActiveCfg = Release|Any CPU
		{3296BF4A-090F-4163-B009-D5CF566FD795}.Release|Any CPU.Build.0 = Release|Any CPU
	EndGlobalSection
	GlobalSection(SolutionProperties) = preSolution
		HideSolutionNode = FALSE
	EndGlobalSection
	GlobalSection(ExtensibilityGlobals) = postSolution
		SolutionGuid = {F7F795BD-7DFE-4312-941F-FD1335E5B088}
	EndGlobalSection
EndGlobal
